<?xml version="1.0" encoding="utf-8"?>
<Project ToolsVersion="4.0" xmlns="http://schemas.microsoft.com/developer/msbuild/2003">
  <ItemGroup>
    <Filter Include="Source Files">
      <UniqueIdentifier>{4FC737F1-C7A5-4376-A066-2A32D752A2FF}</UniqueIdentifier>
      <Extensions>cpp;c;cc;cxx;c++;cppm;ixx;def;odl;idl;hpj;bat;asm;asmx</Extensions>
    </Filter>
    <Filter Include="Header Files">
      <UniqueIdentifier>{93995380-89BD-4b04-88EB-625FBE52EBFB}</UniqueIdentifier>
      <Extensions>h;hh;hpp;hxx;h++;hm;inl;inc;ipp;xsd</Extensions>
    </Filter>
    <Filter Include="Resource Files">
      <UniqueIdentifier>{67DA6AB6-F800-4c08-8B7A-83BB121AAD01}</UniqueIdentifier>
      <Extensions>rc;ico;cur;bmp;dlg;rc2;rct;bin;rgs;gif;jpg;jpeg;jpe;resx;tiff;tif;png;wav;mfcribbon-ms</Extensions>
    </Filter>
    <Filter Include="Source Files\Engine">
      <UniqueIdentifier>{9bd39a65-6afb-4464-8a86-45eaf6a39665}</UniqueIdentifier>
    </Filter>
    <Filter Include="Source Files\Engine\Core">
      <UniqueIdentifier>{8ddfd616-1a94-48aa-8fde-b300ec2a93aa}</UniqueIdentifier>
    </Filter>
    <Filter Include="Source Files\Engine\Core\System">
      <UniqueIdentifier>{068317e5-bc13-4d71-8e86-f45a2285a9dd}</UniqueIdentifier>
    </Filter>
    <Filter Include="Source Files\Engine\Core\System\Input">
      <UniqueIdentifier>{7a2a48a6-bb22-45d6-b1a4-9f54cae58fc3}</UniqueIdentifier>
    </Filter>
    <Filter Include="Source Files\Engine\Core\Renderer">
      <UniqueIdentifier>{91b99336-f5a8-4040-be39-e1583b5ca39b}</UniqueIdentifier>
    </Filter>
    <Filter Include="Source Files\Engine\Libraries">
      <UniqueIdentifier>{0317c8de-1cce-4f58-8d0e-fc201bdfc903}</UniqueIdentifier>
    </Filter>
    <Filter Include="Source Files\Engine\Libraries\Imgui">
      <UniqueIdentifier>{fb0b4979-adf1-4e33-922a-4663d6815c89}</UniqueIdentifier>
    </Filter>
    <Filter Include="Header Files\Utils">
      <UniqueIdentifier>{b204f65a-fe68-4081-9709-e842ccaf237f}</UniqueIdentifier>
    </Filter>
    <Filter Include="Source Files\Engine\Core\Renderer\Textures">
      <UniqueIdentifier>{e89cef00-d00a-4718-8942-e68648c014c3}</UniqueIdentifier>
    </Filter>
    <Filter Include="Source Files\Engine\Core\Renderer\Models">
      <UniqueIdentifier>{4beb3ce8-be7b-44aa-8ba5-b7bfa2aaa263}</UniqueIdentifier>
    </Filter>
    <Filter Include="Source Files\Engine\Core\Audio">
      <UniqueIdentifier>{e213f044-74d6-4070-8c74-e3252a42fe77}</UniqueIdentifier>
    </Filter>
  </ItemGroup>
  <ItemGroup>
    <ClCompile Include="src\glad.c">
      <Filter>Source Files</Filter>
    </ClCompile>
    <ClCompile Include="src\Main.cpp">
      <Filter>Source Files</Filter>
    </ClCompile>
    <ClCompile Include="src\Window.cpp">
      <Filter>Source Files\Engine\Core\System</Filter>
      <DependentUpon>Window.h</DependentUpon>
    </ClCompile>
    <ClCompile Include="src\KeyboardInput.cpp">
      <Filter>Source Files\Engine\Core\System\Input</Filter>
    </ClCompile>
    <ClCompile Include="src\MouseInput.cpp">
      <Filter>Source Files\Engine\Core\System\Input</Filter>
    </ClCompile>
    <ClCompile Include="src\EngineRenderer.cpp">
      <Filter>Source Files\Engine\Core\Renderer</Filter>
    </ClCompile>
    <ClCompile Include="src\Shader.cpp">
      <Filter>Source Files\Engine\Core\Renderer</Filter>
    </ClCompile>
    <ClCompile Include="src\Camera.cpp">
      <Filter>Source Files\Engine\Core\Renderer</Filter>
    </ClCompile>
    <ClCompile Include="Libraries\include\imgui\imgui.cpp">
      <Filter>Source Files\Engine\Libraries\Imgui</Filter>
    </ClCompile>
    <ClCompile Include="Libraries\include\imgui\imgui_demo.cpp">
      <Filter>Source Files\Engine\Libraries\Imgui</Filter>
    </ClCompile>
    <ClCompile Include="Libraries\include\imgui\imgui_draw.cpp">
      <Filter>Source Files\Engine\Libraries\Imgui</Filter>
    </ClCompile>
    <ClCompile Include="Libraries\include\imgui\imgui_tables.cpp">
      <Filter>Source Files\Engine\Libraries\Imgui</Filter>
    </ClCompile>
    <ClCompile Include="Libraries\include\imgui\imgui_widgets.cpp">
      <Filter>Source Files\Engine\Libraries\Imgui</Filter>
    </ClCompile>
    <ClCompile Include="Libraries\include\imgui\imgui_impl_glfw.cpp">
      <Filter>Source Files\Engine\Libraries\Imgui</Filter>
    </ClCompile>
    <ClCompile Include="Libraries\include\imgui\imgui_impl_opengl3.cpp">
      <Filter>Source Files\Engine\Libraries\Imgui</Filter>
    </ClCompile>
    <ClCompile Include="src\ImGuiWindow.cpp">
      <Filter>Source Files\Engine\Core\System</Filter>
    </ClCompile>
    <ClCompile Include="src\Texture2D.cpp">
      <Filter>Source Files\Engine\Core\Renderer\Textures</Filter>
    </ClCompile>
    <ClCompile Include="src\TextureCubeMap.cpp">
      <Filter>Source Files\Engine\Core\Renderer\Textures</Filter>
    </ClCompile>
    <ClCompile Include="src\Mesh.cpp">
      <Filter>Source Files\Engine\Core\Renderer\Models</Filter>
    </ClCompile>
    <ClCompile Include="src\Model.cpp">
      <Filter>Source Files\Engine\Core\Renderer\Models</Filter>
    </ClCompile>
    <ClCompile Include="src\Animation.cpp">
      <Filter>Source Files\Engine\Core\Renderer\Models</Filter>
    </ClCompile>
    <ClCompile Include="src\Animator.cpp">
      <Filter>Source Files\Engine\Core\Renderer\Models</Filter>
    </ClCompile>
    <ClCompile Include="src\RenderTexture.cpp">
      <Filter>Source Files\Engine\Core\Renderer</Filter>
    </ClCompile>
    <ClCompile Include="src\World.cpp">
      <Filter>Source Files\Engine\Core</Filter>
    </ClCompile>
    <ClCompile Include="src\Actor.cpp">
      <Filter>Source Files\Engine\Core</Filter>
    </ClCompile>
    <ClCompile Include="src\AnimationRetarget.cpp">
      <Filter>Source Files\Engine\Core\Renderer\Models</Filter>
    </ClCompile>
    <ClCompile Include="src\ShaderStage.cpp">
      <Filter>Source Files\Engine\Core\Renderer</Filter>
    </ClCompile>
    <ClCompile Include="src\Time.cpp">
      <Filter>Source Files\Engine\Core\System</Filter>
    </ClCompile>
    <ClCompile Include="src\Input.cpp">
      <Filter>Source Files\Engine\Core\System\Input</Filter>
    </ClCompile>
    <ClCompile Include="src\Debug.cpp">
      <Filter>Source Files\Engine\Core\System</Filter>
    </ClCompile>
    <ClCompile Include="src\FpsTool.cpp">
      <Filter>Source Files\Engine\Core\System</Filter>
    </ClCompile>
    <ClCompile Include="src\AudioSystem.cpp">
      <Filter>Source Files\Engine\Core\Audio</Filter>
    </ClCompile>
  </ItemGroup>
  <ItemGroup>
    <ClInclude Include="src\stb_image.h">
      <Filter>Header Files</Filter>
    </ClInclude>
    <ClInclude Include="src\KeyboardInput.hpp">
      <Filter>Source Files\Engine\Core\System\Input</Filter>
    </ClInclude>
    <ClInclude Include="src\MouseInput.hpp">
      <Filter>Source Files\Engine\Core\System\Input</Filter>
    </ClInclude>
    <ClInclude Include="src\EngineRenderer.hpp">
      <Filter>Source Files\Engine\Core\Renderer</Filter>
    </ClInclude>
    <ClInclude Include="src\Shader.hpp">
      <Filter>Source Files\Engine\Core\Renderer</Filter>
    </ClInclude>
    <ClInclude Include="src\SystemEvents.hpp">
      <Filter>Source Files\Engine\Core\System</Filter>
    </ClInclude>
    <ClInclude Include="src\Camera.hpp">
      <Filter>Source Files\Engine\Core\Renderer</Filter>
    </ClInclude>
    <ClInclude Include="Libraries\include\imgui\imconfig.h">
      <Filter>Source Files\Engine\Libraries\Imgui</Filter>
    </ClInclude>
    <ClInclude Include="Libraries\include\imgui\imgui.h">
      <Filter>Source Files\Engine\Libraries\Imgui</Filter>
    </ClInclude>
    <ClInclude Include="Libraries\include\imgui\imgui_internal.h">
      <Filter>Source Files\Engine\Libraries\Imgui</Filter>
    </ClInclude>
    <ClInclude Include="Libraries\include\imgui\imstb_rectpack.h">
      <Filter>Source Files\Engine\Libraries\Imgui</Filter>
    </ClInclude>
    <ClInclude Include="Libraries\include\imgui\imstb_textedit.h">
      <Filter>Source Files\Engine\Libraries\Imgui</Filter>
    </ClInclude>
    <ClInclude Include="Libraries\include\imgui\imstb_truetype.h">
      <Filter>Source Files\Engine\Libraries\Imgui</Filter>
    </ClInclude>
    <ClInclude Include="Libraries\include\imgui\imgui_impl_glfw.h">
      <Filter>Source Files\Engine\Libraries\Imgui</Filter>
    </ClInclude>
    <ClInclude Include="Libraries\include\imgui\imgui_impl_opengl3_loader.h">
      <Filter>Source Files\Engine\Libraries\Imgui</Filter>
    </ClInclude>
    <ClInclude Include="Libraries\include\imgui\imgui_impl_opengl3.h">
      <Filter>Source Files\Engine\Libraries\Imgui</Filter>
    </ClInclude>
    <ClInclude Include="src\ImGuiWindow.hpp">
      <Filter>Source Files\Engine\Core\System</Filter>
    </ClInclude>
    <ClInclude Include="src\I_Texture.hpp">
      <Filter>Header Files</Filter>
    </ClInclude>
    <ClInclude Include="src\I_Lifecycle.hpp">
      <Filter>Header Files</Filter>
    </ClInclude>
    <ClInclude Include="src\AssimpGLMHelpers.hpp">
      <Filter>Header Files\Utils</Filter>
    </ClInclude>
    <ClInclude Include="src\Texture2D.hpp">
      <Filter>Source Files\Engine\Core\Renderer\Textures</Filter>
    </ClInclude>
    <ClInclude Include="src\TextureCubeMap.hpp">
      <Filter>Source Files\Engine\Core\Renderer\Textures</Filter>
    </ClInclude>
    <ClInclude Include="src\Mesh.hpp">
      <Filter>Source Files\Engine\Core\Renderer\Models</Filter>
    </ClInclude>
    <ClInclude Include="src\Model.hpp">
      <Filter>Source Files\Engine\Core\Renderer\Models</Filter>
    </ClInclude>
    <ClInclude Include="src\Animation.hpp">
      <Filter>Source Files\Engine\Core\Renderer\Models</Filter>
    </ClInclude>
    <ClInclude Include="src\Bone.hpp">
      <Filter>Source Files\Engine\Core\Renderer\Models</Filter>
    </ClInclude>
    <ClInclude Include="src\Animator.hpp">
      <Filter>Source Files\Engine\Core\Renderer\Models</Filter>
    </ClInclude>
    <ClInclude Include="src\Window.hpp">
      <Filter>Source Files\Engine\Core\System</Filter>
    </ClInclude>
    <ClInclude Include="src\RenderTexture.hpp">
      <Filter>Source Files\Engine\Core\Renderer</Filter>
    </ClInclude>
    <ClInclude Include="src\ScreenQuad.hpp">
      <Filter>Header Files</Filter>
    </ClInclude>
    <ClInclude Include="src\World.hpp">
      <Filter>Source Files\Engine\Core</Filter>
    </ClInclude>
    <ClInclude Include="src\Actor.hpp">
      <Filter>Source Files\Engine\Core</Filter>
    </ClInclude>
    <ClInclude Include="src\AnimationRetarget.hpp">
      <Filter>Source Files\Engine\Core\Renderer\Models</Filter>
    </ClInclude>
    <ClInclude Include="src\ShaderStage.hpp">
      <Filter>Source Files\Engine\Core\Renderer</Filter>
    </ClInclude>
    <ClInclude Include="src\Time.hpp">
      <Filter>Source Files\Engine\Core\System</Filter>
    </ClInclude>
    <ClInclude Include="src\Input.hpp">
      <Filter>Source Files\Engine\Core\System\Input</Filter>
    </ClInclude>
    <ClInclude Include="src\EventBus.hpp">
      <Filter>Source Files\Engine\Core\System</Filter>
    </ClInclude>
    <ClInclude Include="src\Debug.hpp">
      <Filter>Source Files\Engine\Core\System</Filter>
    </ClInclude>
    <ClInclude Include="src\FpsTool.hpp">
      <Filter>Source Files\Engine\Core\System</Filter>
    </ClInclude>
    <ClInclude Include="src\AudioSystem.hpp">
      <Filter>Source Files\Engine\Core\Audio</Filter>
    </ClInclude>
  </ItemGroup>
</Project>