<?xml version="1.0" encoding="utf-8"?>
<Project ToolsVersion="4.0" xmlns="http://schemas.microsoft.com/developer/msbuild/2003">
  <ItemGroup>
    <Filter Include="Source Files">
      <UniqueIdentifier>{4FC737F1-C7A5-4376-A066-2A32D752A2FF}</UniqueIdentifier>
      <Extensions>cpp;c;cc;cxx;c++;cppm;ixx;def;odl;idl;hpj;bat;asm;asmx</Extensions>
    </Filter>
    <Filter Include="Header Files">
      <UniqueIdentifier>{93995380-89BD-4b04-88EB-625FBE52EBFB}</UniqueIdentifier>
      <Extensions>h;hh;hpp;hxx;h++;hm;inl;inc;ipp;xsd</Extensions>
    </Filter>
    <Filter Include="Resource Files">
      <UniqueIdentifier>{67DA6AB6-F800-4c08-8B7A-83BB121AAD01}</UniqueIdentifier>
      <Extensions>rc;ico;cur;bmp;dlg;rc2;rct;bin;rgs;gif;jpg;jpeg;jpe;resx;tiff;tif;png;wav;mfcribbon-ms</Extensions>
    </Filter>
    <Filter Include="Source Files\Engine">
      <UniqueIdentifier>{9bd39a65-6afb-4464-8a86-45eaf6a39665}</UniqueIdentifier>
    </Filter>
    <Filter Include="Source Files\Engine\Core">
      <UniqueIdentifier>{8ddfd616-1a94-48aa-8fde-b300ec2a93aa}</UniqueIdentifier>
    </Filter>
    <Filter Include="Source Files\Engine\Core\System">
      <UniqueIdentifier>{068317e5-bc13-4d71-8e86-f45a2285a9dd}</UniqueIdentifier>
    </Filter>
    <Filter Include="Source Files\Engine\Core\System\Input">
      <UniqueIdentifier>{7a2a48a6-bb22-45d6-b1a4-9f54cae58fc3}</UniqueIdentifier>
    </Filter>
    <Filter Include="Source Files\Engine\Core\Renderer">
      <UniqueIdentifier>{91b99336-f5a8-4040-be39-e1583b5ca39b}</UniqueIdentifier>
    </Filter>
  </ItemGroup>
  <ItemGroup>
    <ClCompile Include="glad.c">
      <Filter>Source Files</Filter>
    </ClCompile>
    <ClCompile Include="Main.cpp">
      <Filter>Source Files</Filter>
    </ClCompile>
    <ClCompile Include="Window.cpp">
      <Filter>Source Files\Engine\Core\System</Filter>
      <DependentUpon>Window.h</DependentUpon>
    </ClCompile>
    <ClCompile Include="KeyboardInput.cpp">
      <Filter>Source Files\Engine\Core\System\Input</Filter>
    </ClCompile>
    <ClCompile Include="MouseInput.cpp">
      <Filter>Source Files\Engine\Core\System\Input</Filter>
    </ClCompile>
    <ClCompile Include="Debug.cpp">
      <Filter>Source Files\Engine\Core</Filter>
    </ClCompile>
    <ClCompile Include="Input.cpp">
      <Filter>Source Files\Engine\Core</Filter>
    </ClCompile>
    <ClCompile Include="EngineRenderer.cpp">
      <Filter>Source Files\Engine\Core\Renderer</Filter>
    </ClCompile>
    <ClCompile Include="Shader.cpp">
      <Filter>Source Files\Engine\Core\Renderer</Filter>
    </ClCompile>
    <ClCompile Include="FpsTool.cpp">
      <Filter>Source Files\Engine\Core\Renderer</Filter>
    </ClCompile>
    <ClCompile Include="AppTime.cpp">
      <Filter>Source Files\Engine\Core</Filter>
    </ClCompile>
    <ClCompile Include="Texture.cpp">
      <Filter>Source Files\Engine\Core\Renderer</Filter>
    </ClCompile>
    <ClCompile Include="Camera.cpp">
      <Filter>Source Files\Engine\Core\Renderer</Filter>
    </ClCompile>
  </ItemGroup>
  <ItemGroup>
    <ClInclude Include="stb_image.h">
      <Filter>Header Files</Filter>
    </ClInclude>
    <ClInclude Include="Window.h">
      <Filter>Source Files\Engine\Core\System</Filter>
    </ClInclude>
    <ClInclude Include="KeyboardInput.h">
      <Filter>Source Files\Engine\Core\System\Input</Filter>
    </ClInclude>
    <ClInclude Include="MouseInput.h">
      <Filter>Source Files\Engine\Core\System\Input</Filter>
    </ClInclude>
    <ClInclude Include="Debug.h">
      <Filter>Source Files\Engine\Core</Filter>
    </ClInclude>
    <ClInclude Include="Input.h">
      <Filter>Source Files\Engine\Core</Filter>
    </ClInclude>
    <ClInclude Include="I_Lifecycle.h">
      <Filter>Source Files\Engine\Core</Filter>
    </ClInclude>
    <ClInclude Include="EngineRenderer.h">
      <Filter>Source Files\Engine\Core\Renderer</Filter>
    </ClInclude>
    <ClInclude Include="Shader.h">
      <Filter>Source Files\Engine\Core\Renderer</Filter>
    </ClInclude>
    <ClInclude Include="FpsTool.h">
      <Filter>Source Files\Engine\Core\Renderer</Filter>
    </ClInclude>
    <ClInclude Include="AppTime.h">
      <Filter>Source Files\Engine\Core</Filter>
    </ClInclude>
    <ClInclude Include="EventBus.h">
      <Filter>Source Files\Engine\Core</Filter>
    </ClInclude>
    <ClInclude Include="SystemEvents.h">
      <Filter>Source Files\Engine\Core\System</Filter>
    </ClInclude>
    <ClInclude Include="Texture.h">
      <Filter>Source Files\Engine\Core\Renderer</Filter>
    </ClInclude>
    <ClInclude Include="Camera.h">
      <Filter>Source Files\Engine\Core\Renderer</Filter>
    </ClInclude>
  </ItemGroup>
</Project>